
Microsoft Visual Studio Solution File, Format Version 12.00
# Visual Studio Version 17
VisualStudioVersion = 17.13.35913.81 d17.13
MinimumVisualStudioVersion = 10.0.40219.1
Project("{FAE04EC0-301F-11D3-BF4B-00C04F79EFBC}") = "GUI_gyumolcsos", "GUI_gyumolcsos\GUI_gyumolcsos.csproj", "{8421C20B-F2B3-418A-8085-DCF121B7DFE6}"
EndProject
Global
	GlobalSection(SolutionConfigurationPlatforms) = preSolution
		Debug|Any CPU = Debug|Any CPU
		Release|Any CPU = Release|Any CPU
	EndGlobalSection
	GlobalSection(ProjectConfigurationPlatforms) = postSolution
		{8421C20B-F2B3-418A-8085-DCF121B7DFE6}.Debug|Any CPU.ActiveCfg = Debug|Any CPU
		{8421C20B-F2B3-418A-8085-DCF121B7DFE6}.Debug|Any CPU.Build.0 = Debug|Any CPU
		{8421C20B-F2B3-418A-8085-DCF121B7DFE6}.Release|Any CPU.ActiveCfg = Release|Any CPU
		{8421C20B-F2B3-418A-8085-DCF121B7DFE6}.Release|Any CPU.Build.0 = Release|Any CPU
	EndGlobalSection
	GlobalSection(SolutionProperties) = preSolution
		HideSolutionNode = FALSE
	EndGlobalSection
	GlobalSection(ExtensibilityGlobals) = postSolution
		SolutionGuid = {CC7C8C8A-F065-44AF-9074-5152F2AECE70}
	EndGlobalSection
EndGlobal
